PODS:
  - CDHorizontalScrollView (0.1.2)

DEPENDENCIES:
  - CDHorizontalScrollView (from `../`)

EXTERNAL SOURCES:
  CDHorizontalScrollView:
    :path: "../"

SPEC CHECKSUMS:
  CDHorizontalScrollView: 597875b64748b91aefaeb2a03f6b2f6396dfe1b4

PODFILE CHECKSUM: 33d75efa0330d57854aae3d7165de263c7e20a0b

COCOAPODS: 1.6.0.beta.2
